{
  "name": "allaho",
  "version": "1.0.0",
  "lockfileVersion": 3,
  "requires": true,
  "packages": {
    "": {
      "name": "allaho",
      "version": "1.0.0",
      "license": "ISC",
      "dependencies": {
        "@supabase/supabase-js": "^2.76.0",
        "@vercel/speed-insights": "^1.2.0",
        "tslib": "^2.8.1"
      }
    },
    "node_modules/@supabase/auth-js": {
      "version": "2.76.0",
      "resolved": "https://registry.npmjs.org/@supabase/auth-js/-/auth-js-2.76.0.tgz",
      "integrity": "sha512-3dXiy0e6h/I7PmtoHDd78LnaZaJGGGi175siUiZRUAZNm7anfmxuLBUFZH+AkRZXOj63/cmmMb2Y/eUvwLjL2A==",
      "license": "MIT",
      "dependencies": {
        "@supabase/node-fetch": "2.6.15"
      }
    },
    "node_modules/@supabase/functions-js": {
      "version": "2.76.0",
      "resolved": "https://registry.npmjs.org/@supabase/functions-js/-/functions-js-2.76.0.tgz",
      "integrity": "sha512-KQiC0crFWcS9zKXd+wPue6o/Q1xjGCodI9/cZTRIlVMUB/5YhAOg9HWK5fLt0NRTBSkLhXgz/vjl0KRxg0GoQA==",
      "license": "MIT",
      "dependencies": {
        "@supabase/node-fetch": "2.6.15"
      }
    },
    "node_modules/@supabase/node-fetch": {
      "version": "2.6.15",
      "resolved": "https://registry.npmjs.org/@supabase/node-fetch/-/node-fetch-2.6.15.tgz",
      "integrity": "sha512-1ibVeYUacxWYi9i0cf5efil6adJ9WRyZBLivgjs+AUpewx1F3xPi7gLgaASI2SmIQxPoCEjAsLAzKPgMJVgOUQ==",
      "license": "MIT",
      "dependencies": {
        "whatwg-url": "^5.0.0"
      },
      "engines": {
        "node": "4.x || >=6.0.0"
      }
    },
    "node_modules/@supabase/postgrest-js": {
      "version": "2.76.0",
      "resolved": "https://registry.npmjs.org/@supabase/postgrest-js/-/postgrest-js-2.76.0.tgz",
      "integrity": "sha512-Ty+AB73Cmcjn0sQcyoy+IEOHe0n8PbzXq3Ezyq5ijjU0++BqqzWFRO8zsGkb47KCUL0M5VWaCZxs0/wlhehMvw==",
      "license": "MIT",
      "dependencies": {
        "@supabase/node-fetch": "2.6.15"
      }
    },
    "node_modules/@supabase/realtime-js": {
      "version": "2.76.0",
      "resolved": "https://registry.npmjs.org/@supabase/realtime-js/-/realtime-js-2.76.0.tgz",
      "integrity": "sha512-1C4RXOS7v1Go8GIJGtfwUwJDG7RxzlU1WdgeqRBX8u+2vnl0qQ+2HQl21mHvbKPLrKGxP/1iwYhj8kwFuExX3g==",
      "license": "MIT",
      "dependencies": {
        "@supabase/node-fetch": "2.6.15",
        "@types/phoenix": "^1.6.6",
        "@types/ws": "^8.18.1",
        "ws": "^8.18.2"
      }
    },
    "node_modules/@supabase/storage-js": {
      "version": "2.76.0",
      "resolved": "https://registry.npmjs.org/@supabase/storage-js/-/storage-js-2.76.0.tgz",
      "integrity": "sha512-v011IlS2eZz4Xkutkw8x8Lm9lGjV8tK1vqQeoVkX5hrXYJE/jTg2++Xt/ENG5jp8MErDY/P5JcWAOlAsuumnvQ==",
      "license": "MIT",
      "dependencies": {
        "@supabase/node-fetch": "2.6.15"
      }
    },
    "node_modules/@supabase/supabase-js": {
      "version": "2.76.0",
      "resolved": "https://registry.npmjs.org/@supabase/supabase-js/-/supabase-js-2.76.0.tgz",
      "integrity": "sha512-fPqdcelzZj2eA4M3ybqt8JsFnzKXjWRH7rXr45gVaMAtMkfsaQpq1itDWFHeVJSgHXudQo3Yi4QQ9U/nvTs7PA==",
      "license": "MIT",
      "dependencies": {
        "@supabase/auth-js": "2.76.0",
        "@supabase/functions-js": "2.76.0",
        "@supabase/node-fetch": "2.6.15",
        "@supabase/postgrest-js": "2.76.0",
        "@supabase/realtime-js": "2.76.0",
        "@supabase/storage-js": "2.76.0"
      }
    },
    "node_modules/@types/node": {
      "version": "24.9.1",
      "resolved": "https://registry.npmjs.org/@types/node/-/node-24.9.1.tgz",
      "integrity": "sha512-QoiaXANRkSXK6p0Duvt56W208du4P9Uye9hWLWgGMDTEoKPhuenzNcC4vGUmrNkiOKTlIrBoyNQYNpSwfEZXSg==",
      "license": "MIT",
      "dependencies": {
        "undici-types": "~7.16.0"
      }
    },
    "node_modules/@types/phoenix": {
      "version": "1.6.6",
      "resolved": "https://registry.npmjs.org/@types/phoenix/-/phoenix-1.6.6.tgz",
      "integrity": "sha512-PIzZZlEppgrpoT2QgbnDU+MMzuR6BbCjllj0bM70lWoejMeNJAxCchxnv7J3XFkI8MpygtRpzXrIlmWUBclP5A==",
      "license": "MIT"
    },
    "node_modules/@types/ws": {
      "version": "8.18.1",
      "resolved": "https://registry.npmjs.org/@types/ws/-/ws-8.18.1.tgz",
      "integrity": "sha512-ThVF6DCVhA8kUGy+aazFQ4kXQ7E1Ty7A3ypFOe0IcJV8O/M511G99AW24irKrW56Wt44yG9+ij8FaqoBGkuBXg==",
      "license": "MIT",
      "dependencies": {
        "@types/node": "*"
      }
    },
    "node_modules/@vercel/speed-insights": {
      "version": "1.2.0",
      "resolved": "https://registry.npmjs.org/@vercel/speed-insights/-/speed-insights-1.2.0.tgz",
      "integrity": "sha512-y9GVzrUJ2xmgtQlzFP2KhVRoCglwfRQgjyfY607aU0hh0Un6d0OUyrJkjuAlsV18qR4zfoFPs/BiIj9YDS6Wzw==",
      "hasInstallScript": true,
      "license": "Apache-2.0",
      "peerDependencies": {
        "@sveltejs/kit": "^1 || ^2",
        "next": ">= 13",
        "react": "^18 || ^19 || ^19.0.0-rc",
        "svelte": ">= 4",
        "vue": "^3",
        "vue-router": "^4"
      },
      "peerDependenciesMeta": {
        "@sveltejs/kit": {
          "optional": true
        },
        "next": {
          "optional": true
        },
        "react": {
          "optional": true
        },
        "svelte": {
          "optional": true
        },
        "vue": {
          "optional": true
        },
        "vue-router": {
          "optional": true
        }
      }
    },
    "node_modules/tr46": {
      "version": "0.0.3",
      "resolved": "https://registry.npmjs.org/tr46/-/tr46-0.0.3.tgz",
      "integrity": "sha512-N3WMsuqV66lT30CrXNbEjx4GEwlow3v6rr4mCcv6prnfwhS01rkgyFdjPNBYd9br7LpXV1+Emh01fHnq2Gdgrw==",
      "license": "MIT"
    },
    "node_modules/tslib": {
      "version": "2.8.1",
      "resolved": "https://registry.npmjs.org/tslib/-/tslib-2.8.1.tgz",
      "integrity": "sha512-oJFu94HQb+KVduSUQL7wnpmqnfmLsOA/nAh6b6EH0wCEoK0/mPeXU6c3wKDV83MkOuHPRHtSXKKU99IBazS/2w==",
      "license": "0BSD"
    },
    "node_modules/undici-types": {
      "version": "7.16.0",
      "resolved": "https://registry.npmjs.org/undici-types/-/undici-types-7.16.0.tgz",
      "integrity": "sha512-Zz+aZWSj8LE6zoxD+xrjh4VfkIG8Ya6LvYkZqtUQGJPZjYl53ypCaUwWqo7eI0x66KBGeRo+mlBEkMSeSZ38Nw==",
      "license": "MIT"
    },
    "node_modules/webidl-conversions": {
      "version": "3.0.1",
      "resolved": "https://registry.npmjs.org/webidl-conversions/-/webidl-conversions-3.0.1.tgz",
      "integrity": "sha512-2JAn3z8AR6rjK8Sm8orRC0h/bcl/DqL7tRPdGZ4I1CjdF+EaMLmYxBHyXuKL849eucPFhvBoxMsflfOb8kxaeQ==",
      "license": "BSD-2-Clause"
    },
    "node_modules/whatwg-url": {
      "version": "5.0.0",
      "resolved": "https://registry.npmjs.org/whatwg-url/-/whatwg-url-5.0.0.tgz",
      "integrity": "sha512-saE57nupxk6v3HY35+jzBwYa0rKSy0XR8JSxZPwgLr7ys0IBzhGviA1/TUGJLmSVqs8pb9AnvICXEuOHLprYTw==",
      "license": "MIT",
      "dependencies": {
        "tr46": "~0.0.3",
        "webidl-conversions": "^3.0.0"
      }
    },
    "node_modules/ws": {
      "version": "8.18.3",
      "resolved": "https://registry.npmjs.org/ws/-/ws-8.18.3.tgz",
      "integrity": "sha512-PEIGCY5tSlUt50cqyMXfCzX+oOPqN0vuGqWzbcJ2xvnkzkq46oOpz7dQaTDBdfICb4N14+GARUDw2XV2N4tvzg==",
      "license": "MIT",
      "engines": {
        "node": ">=10.0.0"
      },
      "peerDependencies": {
        "bufferutil": "^4.0.1",
        "utf-8-validate": ">=5.0.2"
      },
      "peerDependenciesMeta": {
        "bufferutil": {
          "optional": true
        },
        "utf-8-validate": {
          "optional": true
        }
      }
    }
  }
}
